
Microsoft Visual Studio Solution File, Format Version 12.00
# Visual Studio Version 17
VisualStudioVersion = 17.11.35312.102
MinimumVisualStudioVersion = 10.0.40219.1
Project("{FAE04EC0-301F-11D3-BF4B-00C04F79EFBC}") = "StackCalc", "StackCalc\StackCalc.csproj", "{3702EB7B-9FA5-4945-AB4F-3B40A744E03D}"
EndProject
Global
	GlobalSection(SolutionConfigurationPlatforms) = preSolution
		Debug|Any CPU = Debug|Any CPU
		Release|Any CPU = Release|Any CPU
	EndGlobalSection
	GlobalSection(ProjectConfigurationPlatforms) = postSolution
		{3702EB7B-9FA5-4945-AB4F-3B40A744E03D}.Debug|Any CPU.ActiveCfg = Debug|Any CPU
		{3702EB7B-9FA5-4945-AB4F-3B40A744E03D}.Debug|Any CPU.Build.0 = Debug|Any CPU
		{3702EB7B-9FA5-4945-AB4F-3B40A744E03D}.Release|Any CPU.ActiveCfg = Release|Any CPU
		{3702EB7B-9FA5-4945-AB4F-3B40A744E03D}.Release|Any CPU.Build.0 = Release|Any CPU
	EndGlobalSection
	GlobalSection(SolutionProperties) = preSolution
		HideSolutionNode = FALSE
	EndGlobalSection
	GlobalSection(ExtensibilityGlobals) = postSolution
		SolutionGuid = {0F5456FF-536B-4C36-9D30-2128EC5EFBD0}
	EndGlobalSection
EndGlobal
